
Microsoft Visual Studio Solution File, Format Version 12.00
# Visual Studio Version 16
VisualStudioVersion = 16.0.30907.101
MinimumVisualStudioVersion = 10.0.40219.1
Project("{9A19103F-16F7-4668-BE54-9A1E7A4F7556}") = "DemoApp", "DemoApp\DemoApp\DemoApp.csproj", "{36543F18-E421-46A9-BE3B-4EE606E5199D}"
EndProject
Project("{FAE04EC0-301F-11D3-BF4B-00C04F79EFBC}") = "DemoApp.Droid", "DemoApp\DemoApp.Android\DemoApp.Droid.csproj", "{96250C01-CBE4-4FAF-9F89-6999AA2450E9}"
EndProject
Project("{FAE04EC0-301F-11D3-BF4B-00C04F79EFBC}") = "DemoApp.iOS", "DemoApp\DemoApp.iOS\DemoApp.iOS.csproj", "{E14E75C4-81F0-445A-A874-24FE61FE8684}"
EndProject
Global
	GlobalSection(SolutionConfigurationPlatforms) = preSolution
		Ad-Hoc|Any CPU = Ad-Hoc|Any CPU
		Ad-Hoc|iPhone = Ad-Hoc|iPhone
		Ad-Hoc|iPhoneSimulator = Ad-Hoc|iPhoneSimulator
		AppStore|Any CPU = AppStore|Any CPU
		AppStore|iPhone = AppStore|iPhone
		AppStore|iPhoneSimulator = AppStore|iPhoneSimulator
		Debug|Any CPU = Debug|Any CPU
		Debug|iPhone = Debug|iPhone
		Debug|iPhoneSimulator = Debug|iPhoneSimulator
		Release|Any CPU = Release|Any CPU
		Release|iPhone = Release|iPhone
		Release|iPhoneSimulator = Release|iPhoneSimulator
	EndGlobalSection
	GlobalSection(ProjectConfigurationPlatforms) = postSolution
		{36543F18-E421-46A9-BE3B-4EE606E5199D}.Ad-Hoc|Any CPU.ActiveCfg = Release|Any CPU
		{36543F18-E421-46A9-BE3B-4EE606E5199D}.Ad-Hoc|Any CPU.Build.0 = Release|Any CPU
		{36543F18-E421-46A9-BE3B-4EE606E5199D}.Ad-Hoc|iPhone.ActiveCfg = Debug|Any CPU
		{36543F18-E421-46A9-BE3B-4EE606E5199D}.Ad-Hoc|iPhone.Build.0 = Debug|Any CPU
		{36543F18-E421-46A9-BE3B-4EE606E5199D}.Ad-Hoc|iPhoneSimulator.ActiveCfg = Release|Any CPU
		{36543F18-E421-46A9-BE3B-4EE606E5199D}.Ad-Hoc|iPhoneSimulator.Build.0 = Release|Any CPU
		{36543F18-E421-46A9-BE3B-4EE606E5199D}.AppStore|Any CPU.ActiveCfg = Release|Any CPU
		{36543F18-E421-46A9-BE3B-4EE606E5199D}.AppStore|Any CPU.Build.0 = Release|Any CPU
		{36543F18-E421-46A9-BE3B-4EE606E5199D}.AppStore|iPhone.ActiveCfg = Debug|Any CPU
		{36543F18-E421-46A9-BE3B-4EE606E5199D}.AppStore|iPhone.Build.0 = Debug|Any CPU
		{36543F18-E421-46A9-BE3B-4EE606E5199D}.AppStore|iPhoneSimulator.ActiveCfg = Release|Any CPU
		{36543F18-E421-46A9-BE3B-4EE606E5199D}.AppStore|iPhoneSimulator.Build.0 = Release|Any CPU
		{36543F18-E421-46A9-BE3B-4EE606E5199D}.Debug|Any CPU.ActiveCfg = Debug|Any CPU
		{36543F18-E421-46A9-BE3B-4EE606E5199D}.Debug|Any CPU.Build.0 = Debug|Any CPU
		{36543F18-E421-46A9-BE3B-4EE606E5199D}.Debug|iPhone.ActiveCfg = Debug|Any CPU
		{36543F18-E421-46A9-BE3B-4EE606E5199D}.Debug|iPhone.Build.0 = Debug|Any CPU
		{36543F18-E421-46A9-BE3B-4EE606E5199D}.Debug|iPhoneSimulator.ActiveCfg = Debug|Any CPU
		{36543F18-E421-46A9-BE3B-4EE606E5199D}.Debug|iPhoneSimulator.Build.0 = Debug|Any CPU
		{36543F18-E421-46A9-BE3B-4EE606E5199D}.Release|Any CPU.ActiveCfg = Release|Any CPU
		{36543F18-E421-46A9-BE3B-4EE606E5199D}.Release|Any CPU.Build.0 = Release|Any CPU
		{36543F18-E421-46A9-BE3B-4EE606E5199D}.Release|iPhone.ActiveCfg = Release|Any CPU
		{36543F18-E421-46A9-BE3B-4EE606E5199D}.Release|iPhone.Build.0 = Release|Any CPU
		{36543F18-E421-46A9-BE3B-4EE606E5199D}.Release|iPhoneSimulator.ActiveCfg = Release|Any CPU
		{36543F18-E421-46A9-BE3B-4EE606E5199D}.Release|iPhoneSimulator.Build.0 = Release|Any CPU
		{96250C01-CBE4-4FAF-9F89-6999AA2450E9}.Ad-Hoc|Any CPU.ActiveCfg = Release|Any CPU
		{96250C01-CBE4-4FAF-9F89-6999AA2450E9}.Ad-Hoc|Any CPU.Build.0 = Release|Any CPU
		{96250C01-CBE4-4FAF-9F89-6999AA2450E9}.Ad-Hoc|Any CPU.Deploy.0 = Release|Any CPU
		{96250C01-CBE4-4FAF-9F89-6999AA2450E9}.Ad-Hoc|iPhone.ActiveCfg = Debug|Any CPU
		{96250C01-CBE4-4FAF-9F89-6999AA2450E9}.Ad-Hoc|iPhone.Build.0 = Debug|Any CPU
		{96250C01-CBE4-4FAF-9F89-6999AA2450E9}.Ad-Hoc|iPhone.Deploy.0 = Debug|Any CPU
		{96250C01-CBE4-4FAF-9F89-6999AA2450E9}.Ad-Hoc|iPhoneSimulator.ActiveCfg = Release|Any CPU
		{96250C01-CBE4-4FAF-9F89-6999AA2450E9}.Ad-Hoc|iPhoneSimulator.Build.0 = Release|Any CPU
		{96250C01-CBE4-4FAF-9F89-6999AA2450E9}.Ad-Hoc|iPhoneSimulator.Deploy.0 = Release|Any CPU
		{96250C01-CBE4-4FAF-9F89-6999AA2450E9}.AppStore|Any CPU.ActiveCfg = Release|Any CPU
		{96250C01-CBE4-4FAF-9F89-6999AA2450E9}.AppStore|Any CPU.Build.0 = Release|Any CPU
		{96250C01-CBE4-4FAF-9F89-6999AA2450E9}.AppStore|Any CPU.Deploy.0 = Release|Any CPU
		{96250C01-CBE4-4FAF-9F89-6999AA2450E9}.AppStore|iPhone.ActiveCfg = Debug|Any CPU
		{96250C01-CBE4-4FAF-9F89-6999AA2450E9}.AppStore|iPhone.Build.0 = Debug|Any CPU
		{96250C01-CBE4-4FAF-9F89-6999AA2450E9}.AppStore|iPhone.Deploy.0 = Debug|Any CPU
		{96250C01-CBE4-4FAF-9F89-6999AA2450E9}.AppStore|iPhoneSimulator.ActiveCfg = Release|Any CPU
		{96250C01-CBE4-4FAF-9F89-6999AA2450E9}.AppStore|iPhoneSimulator.Build.0 = Release|Any CPU
		{96250C01-CBE4-4FAF-9F89-6999AA2450E9}.AppStore|iPhoneSimulator.Deploy.0 = Release|Any CPU
		{96250C01-CBE4-4FAF-9F89-6999AA2450E9}.Debug|Any CPU.ActiveCfg = Debug|Any CPU
		{96250C01-CBE4-4FAF-9F89-6999AA2450E9}.Debug|Any CPU.Build.0 = Debug|Any CPU
		{96250C01-CBE4-4FAF-9F89-6999AA2450E9}.Debug|Any CPU.Deploy.0 = Debug|Any CPU
		{96250C01-CBE4-4FAF-9F89-6999AA2450E9}.Debug|iPhone.ActiveCfg = Debug|Any CPU
		{96250C01-CBE4-4FAF-9F89-6999AA2450E9}.Debug|iPhone.Build.0 = Debug|Any CPU
		{96250C01-CBE4-4FAF-9F89-6999AA2450E9}.Debug|iPhone.Deploy.0 = Debug|Any CPU
		{96250C01-CBE4-4FAF-9F89-6999AA2450E9}.Debug|iPhoneSimulator.ActiveCfg = Debug|Any CPU
		{96250C01-CBE4-4FAF-9F89-6999AA2450E9}.Debug|iPhoneSimulator.Build.0 = Debug|Any CPU
		{96250C01-CBE4-4FAF-9F89-6999AA2450E9}.Debug|iPhoneSimulator.Deploy.0 = Debug|Any CPU
		{96250C01-CBE4-4FAF-9F89-6999AA2450E9}.Release|Any CPU.ActiveCfg = Release|Any CPU
		{96250C01-CBE4-4FAF-9F89-6999AA2450E9}.Release|Any CPU.Build.0 = Release|Any CPU
		{96250C01-CBE4-4FAF-9F89-6999AA2450E9}.Release|Any CPU.Deploy.0 = Release|Any CPU
		{96250C01-CBE4-4FAF-9F89-6999AA2450E9}.Release|iPhone.ActiveCfg = Release|Any CPU
		{96250C01-CBE4-4FAF-9F89-6999AA2450E9}.Release|iPhone.Build.0 = Release|Any CPU
		{96250C01-CBE4-4FAF-9F89-6999AA2450E9}.Release|iPhone.Deploy.0 = Release|Any CPU
		{96250C01-CBE4-4FAF-9F89-6999AA2450E9}.Release|iPhoneSimulator.ActiveCfg = Release|Any CPU
		{96250C01-CBE4-4FAF-9F89-6999AA2450E9}.Release|iPhoneSimulator.Build.0 = Release|Any CPU
		{96250C01-CBE4-4FAF-9F89-6999AA2450E9}.Release|iPhoneSimulator.Deploy.0 = Release|Any CPU
		{E14E75C4-81F0-445A-A874-24FE61FE8684}.Ad-Hoc|Any CPU.ActiveCfg = Ad-Hoc|iPhoneSimulator
		{E14E75C4-81F0-445A-A874-24FE61FE8684}.Ad-Hoc|iPhone.ActiveCfg = Ad-Hoc|iPhone
		{E14E75C4-81F0-445A-A874-24FE61FE8684}.Ad-Hoc|iPhone.Build.0 = Ad-Hoc|iPhone
		{E14E75C4-81F0-445A-A874-24FE61FE8684}.Ad-Hoc|iPhone.Deploy.0 = Ad-Hoc|iPhone
		{E14E75C4-81F0-445A-A874-24FE61FE8684}.Ad-Hoc|iPhoneSimulator.ActiveCfg = Ad-Hoc|iPhoneSimulator
		{E14E75C4-81F0-445A-A874-24FE61FE8684}.Ad-Hoc|iPhoneSimulator.Build.0 = Ad-Hoc|iPhoneSimulator
		{E14E75C4-81F0-445A-A874-24FE61FE8684}.AppStore|Any CPU.ActiveCfg = AppStore|iPhoneSimulator
		{E14E75C4-81F0-445A-A874-24FE61FE8684}.AppStore|iPhone.ActiveCfg = AppStore|iPhone
		{E14E75C4-81F0-445A-A874-24FE61FE8684}.AppStore|iPhone.Build.0 = AppStore|iPhone
		{E14E75C4-81F0-445A-A874-24FE61FE8684}.AppStore|iPhone.Deploy.0 = AppStore|iPhone
		{E14E75C4-81F0-445A-A874-24FE61FE8684}.AppStore|iPhoneSimulator.ActiveCfg = AppStore|iPhoneSimulator
		{E14E75C4-81F0-445A-A874-24FE61FE8684}.AppStore|iPhoneSimulator.Build.0 = AppStore|iPhoneSimulator
		{E14E75C4-81F0-445A-A874-24FE61FE8684}.Debug|Any CPU.ActiveCfg = Debug|iPhoneSimulator
		{E14E75C4-81F0-445A-A874-24FE61FE8684}.Debug|Any CPU.Build.0 = Debug|iPhoneSimulator
		{E14E75C4-81F0-445A-A874-24FE61FE8684}.Debug|Any CPU.Deploy.0 = Debug|iPhoneSimulator
		{E14E75C4-81F0-445A-A874-24FE61FE8684}.Debug|iPhone.ActiveCfg = Debug|iPhone
		{E14E75C4-81F0-445A-A874-24FE61FE8684}.Debug|iPhone.Build.0 = Debug|iPhone
		{E14E75C4-81F0-445A-A874-24FE61FE8684}.Debug|iPhone.Deploy.0 = Debug|iPhone
		{E14E75C4-81F0-445A-A874-24FE61FE8684}.Debug|iPhoneSimulator.ActiveCfg = Debug|iPhoneSimulator
		{E14E75C4-81F0-445A-A874-24FE61FE8684}.Debug|iPhoneSimulator.Build.0 = Debug|iPhoneSimulator
		{E14E75C4-81F0-445A-A874-24FE61FE8684}.Debug|iPhoneSimulator.Deploy.0 = Debug|iPhoneSimulator
		{E14E75C4-81F0-445A-A874-24FE61FE8684}.Release|Any CPU.ActiveCfg = Release|iPhoneSimulator
		{E14E75C4-81F0-445A-A874-24FE61FE8684}.Release|Any CPU.Build.0 = Release|iPhoneSimulator
		{E14E75C4-81F0-445A-A874-24FE61FE8684}.Release|Any CPU.Deploy.0 = Release|iPhoneSimulator
		{E14E75C4-81F0-445A-A874-24FE61FE8684}.Release|iPhone.ActiveCfg = Release|iPhone
		{E14E75C4-81F0-445A-A874-24FE61FE8684}.Release|iPhone.Build.0 = Release|iPhone
		{E14E75C4-81F0-445A-A874-24FE61FE8684}.Release|iPhone.Deploy.0 = Release|iPhone
		{E14E75C4-81F0-445A-A874-24FE61FE8684}.Release|iPhoneSimulator.ActiveCfg = Release|iPhoneSimulator
		{E14E75C4-81F0-445A-A874-24FE61FE8684}.Release|iPhoneSimulator.Build.0 = Release|iPhoneSimulator
		{E14E75C4-81F0-445A-A874-24FE61FE8684}.Release|iPhoneSimulator.Deploy.0 = Release|iPhoneSimulator
	EndGlobalSection
	GlobalSection(SolutionProperties) = preSolution
		HideSolutionNode = FALSE
	EndGlobalSection
	GlobalSection(ExtensibilityGlobals) = postSolution
		SolutionGuid = {07DE5FEC-0BEB-4545-BDE5-C1C31A7B33C5}
	EndGlobalSection
EndGlobal
